{
  "name": "bots.clj.social",
  "version": "1.0.2",
  "lockfileVersion": 2,
  "requires": true,
  "packages": {
    "": {
      "name": "bots.clj.social",
      "version": "1.0.2",
      "license": "MIT",
      "dependencies": {
        "@extractus/feed-extractor": "^7.0.6",
        "cross-fetch": "^4.0.0",
        "fast-xml-parser": ">=4.3.1",
        "masto": "^6.3.1",
        "md5": "^2.3.0",
        "nbb": "^1.2.178",
        "redis": "^4.6.8",
        "slugify": "^1.6.6",
        "yaml": "^2.3.2"
      }
    },
    "node_modules/@extractus/feed-extractor": {
      "version": "7.0.6",
      "resolved": "https://registry.npmjs.org/@extractus/feed-extractor/-/feed-extractor-7.0.6.tgz",
      "integrity": "sha512-+BmQ2muMMJAhXYrVl6RaOuCJwFacVEab2ao0vhwvC0E6qXfkTH/4Ng73/hKnYWlkcKNxkkbYY3bW+3kWPdbn6g==",
      "dependencies": {
        "bellajs": "^11.1.2",
        "cross-fetch": "^4.0.0",
        "fast-xml-parser": "^4.2.7",
        "html-entities": "^2.4.0"
      },
      "engines": {
        "node": ">= 16"
      }
    },
    "node_modules/@redis/bloom": {
      "version": "1.2.0",
      "resolved": "https://registry.npmjs.org/@redis/bloom/-/bloom-1.2.0.tgz",
      "integrity": "sha512-HG2DFjYKbpNmVXsa0keLHp/3leGJz1mjh09f2RLGGLQZzSHpkmZWuwJbAvo3QcRY8p80m5+ZdXZdYOSBLlp7Cg==",
      "peerDependencies": {
        "@redis/client": "^1.0.0"
      }
    },
    "node_modules/@redis/client": {
      "version": "1.5.9",
      "resolved": "https://registry.npmjs.org/@redis/client/-/client-1.5.9.tgz",
      "integrity": "sha512-SffgN+P1zdWJWSXBvJeynvEnmnZrYmtKSRW00xl8pOPFOMJjxRR9u0frSxJpPR6Y4V+k54blJjGW7FgxbTI7bQ==",
      "dependencies": {
        "cluster-key-slot": "1.1.2",
        "generic-pool": "3.9.0",
        "yallist": "4.0.0"
      },
      "engines": {
        "node": ">=14"
      }
    },
    "node_modules/@redis/graph": {
      "version": "1.1.0",
      "resolved": "https://registry.npmjs.org/@redis/graph/-/graph-1.1.0.tgz",
      "integrity": "sha512-16yZWngxyXPd+MJxeSr0dqh2AIOi8j9yXKcKCwVaKDbH3HTuETpDVPcLujhFYVPtYrngSco31BUcSa9TH31Gqg==",
      "peerDependencies": {
        "@redis/client": "^1.0.0"
      }
    },
    "node_modules/@redis/json": {
      "version": "1.0.4",
      "resolved": "https://registry.npmjs.org/@redis/json/-/json-1.0.4.tgz",
      "integrity": "sha512-LUZE2Gdrhg0Rx7AN+cZkb1e6HjoSKaeeW8rYnt89Tly13GBI5eP4CwDVr+MY8BAYfCg4/N15OUrtLoona9uSgw==",
      "peerDependencies": {
        "@redis/client": "^1.0.0"
      }
    },
    "node_modules/@redis/search": {
      "version": "1.1.3",
      "resolved": "https://registry.npmjs.org/@redis/search/-/search-1.1.3.tgz",
      "integrity": "sha512-4Dg1JjvCevdiCBTZqjhKkGoC5/BcB7k9j99kdMnaXFXg8x4eyOIVg9487CMv7/BUVkFLZCaIh8ead9mU15DNng==",
      "peerDependencies": {
        "@redis/client": "^1.0.0"
      }
    },
    "node_modules/@redis/time-series": {
      "version": "1.0.5",
      "resolved": "https://registry.npmjs.org/@redis/time-series/-/time-series-1.0.5.tgz",
      "integrity": "sha512-IFjIgTusQym2B5IZJG3XKr5llka7ey84fw/NOYqESP5WUfQs9zz1ww/9+qoz4ka/S6KcGBodzlCeZ5UImKbscg==",
      "peerDependencies": {
        "@redis/client": "^1.0.0"
      }
    },
    "node_modules/bellajs": {
      "version": "11.1.2",
      "resolved": "https://registry.npmjs.org/bellajs/-/bellajs-11.1.2.tgz",
      "integrity": "sha512-2Fy3Km5JKyIy/KunW3oica2gZtkjD2qSqti2Q3xPhHvXXdMbc+32pEMOPG+xrSat0BXVhRjHIx++lzxIPK0GqQ==",
      "engines": {
        "node": ">= 14"
      }
    },
    "node_modules/camel-case": {
      "version": "4.1.2",
      "resolved": "https://registry.npmjs.org/camel-case/-/camel-case-4.1.2.tgz",
      "integrity": "sha512-gxGWBrTT1JuMx6R+o5PTXMmUnhnVzLQ9SNutD4YqKtI6ap897t3tKECYla6gCWEkplXnlNybEkZg9GEGxKFCgw==",
      "dependencies": {
        "pascal-case": "^3.1.2",
        "tslib": "^2.0.3"
      }
    },
    "node_modules/capital-case": {
      "version": "1.0.4",
      "resolved": "https://registry.npmjs.org/capital-case/-/capital-case-1.0.4.tgz",
      "integrity": "sha512-ds37W8CytHgwnhGGTi88pcPyR15qoNkOpYwmMMfnWqqWgESapLqvDx6huFjQ5vqWSn2Z06173XNA7LtMOeUh1A==",
      "dependencies": {
        "no-case": "^3.0.4",
        "tslib": "^2.0.3",
        "upper-case-first": "^2.0.2"
      }
    },
    "node_modules/change-case": {
      "version": "4.1.2",
      "resolved": "https://registry.npmjs.org/change-case/-/change-case-4.1.2.tgz",
      "integrity": "sha512-bSxY2ws9OtviILG1EiY5K7NNxkqg/JnRnFxLtKQ96JaviiIxi7djMrSd0ECT9AC+lttClmYwKw53BWpOMblo7A==",
      "dependencies": {
        "camel-case": "^4.1.2",
        "capital-case": "^1.0.4",
        "constant-case": "^3.0.4",
        "dot-case": "^3.0.4",
        "header-case": "^2.0.4",
        "no-case": "^3.0.4",
        "param-case": "^3.0.4",
        "pascal-case": "^3.1.2",
        "path-case": "^3.0.4",
        "sentence-case": "^3.0.4",
        "snake-case": "^3.0.4",
        "tslib": "^2.0.3"
      }
    },
    "node_modules/charenc": {
      "version": "0.0.2",
      "resolved": "https://registry.npmjs.org/charenc/-/charenc-0.0.2.tgz",
      "integrity": "sha512-yrLQ/yVUFXkzg7EDQsPieE/53+0RlaWTs+wBrvW36cyilJ2SaDWfl4Yj7MtLTXleV9uEKefbAGUPv2/iWSooRA==",
      "engines": {
        "node": "*"
      }
    },
    "node_modules/cluster-key-slot": {
      "version": "1.1.2",
      "resolved": "https://registry.npmjs.org/cluster-key-slot/-/cluster-key-slot-1.1.2.tgz",
      "integrity": "sha512-RMr0FhtfXemyinomL4hrWcYJxmX6deFdCxpJzhDttxgO1+bcCnkk+9drydLVDmAMG7NE6aN/fl4F7ucU/90gAA==",
      "engines": {
        "node": ">=0.10.0"
      }
    },
    "node_modules/constant-case": {
      "version": "3.0.4",
      "resolved": "https://registry.npmjs.org/constant-case/-/constant-case-3.0.4.tgz",
      "integrity": "sha512-I2hSBi7Vvs7BEuJDr5dDHfzb/Ruj3FyvFyh7KLilAjNQw3Be+xgqUBA2W6scVEcL0hL1dwPRtIqEPVUCKkSsyQ==",
      "dependencies": {
        "no-case": "^3.0.4",
        "tslib": "^2.0.3",
        "upper-case": "^2.0.2"
      }
    },
    "node_modules/cross-fetch": {
      "version": "4.0.0",
      "resolved": "https://registry.npmjs.org/cross-fetch/-/cross-fetch-4.0.0.tgz",
      "integrity": "sha512-e4a5N8lVvuLgAWgnCrLr2PP0YyDOTHa9H/Rj54dirp61qXnNq46m82bRhNqIA5VccJtWBvPTFRV3TtvHUKPB1g==",
      "dependencies": {
        "node-fetch": "^2.6.12"
      }
    },
    "node_modules/crypt": {
      "version": "0.0.2",
      "resolved": "https://registry.npmjs.org/crypt/-/crypt-0.0.2.tgz",
      "integrity": "sha512-mCxBlsHFYh9C+HVpiEacem8FEBnMXgU9gy4zmNC+SXAZNB/1idgp/aulFJ4FgCi7GPEVbfyng092GqL2k2rmow==",
      "engines": {
        "node": "*"
      }
    },
    "node_modules/dot-case": {
      "version": "3.0.4",
      "resolved": "https://registry.npmjs.org/dot-case/-/dot-case-3.0.4.tgz",
      "integrity": "sha512-Kv5nKlh6yRrdrGvxeJ2e5y2eRUpkUosIW4A2AS38zwSz27zu7ufDwQPi5Jhs3XAlGNetl3bmnGhQsMtkKJnj3w==",
      "dependencies": {
        "no-case": "^3.0.4",
        "tslib": "^2.0.3"
      }
    },
    "node_modules/events-to-async": {
      "version": "2.0.0",
      "resolved": "https://registry.npmjs.org/events-to-async/-/events-to-async-2.0.0.tgz",
      "integrity": "sha512-NiZEr4g51nI4/lz/6NdwMqK/TLIctlnp9TQ3wCJjlRp47VgrthUZE4nrk2UhfZ8VzoQ/Xyth+G6MKioLCt0FVA=="
    },
    "node_modules/fast-xml-parser": {
      "version": "4.3.1",
      "resolved": "https://registry.npmjs.org/fast-xml-parser/-/fast-xml-parser-4.3.1.tgz",
      "integrity": "sha512-viVv3xb8D+SiS1W4cv4tva3bni08kAkx0gQnWrykMM8nXPc1FxqZPU00dCEVjkiCg4HoXd2jC4x29Nzg/l2DAA==",
      "funding": [
        {
          "type": "paypal",
          "url": "https://paypal.me/naturalintelligence"
        },
        {
          "type": "github",
          "url": "https://github.com/sponsors/NaturalIntelligence"
        }
      ],
      "dependencies": {
        "strnum": "^1.0.5"
      },
      "bin": {
        "fxparser": "src/cli/cli.js"
      }
    },
    "node_modules/generic-pool": {
      "version": "3.9.0",
      "resolved": "https://registry.npmjs.org/generic-pool/-/generic-pool-3.9.0.tgz",
      "integrity": "sha512-hymDOu5B53XvN4QT9dBmZxPX4CWhBPPLguTZ9MMFeFa/Kg0xWVfylOVNlJji/E7yTZWFd/q9GO5TxDLq156D7g==",
      "engines": {
        "node": ">= 4"
      }
    },
    "node_modules/header-case": {
      "version": "2.0.4",
      "resolved": "https://registry.npmjs.org/header-case/-/header-case-2.0.4.tgz",
      "integrity": "sha512-H/vuk5TEEVZwrR0lp2zed9OCo1uAILMlx0JEMgC26rzyJJ3N1v6XkwHHXJQdR2doSjcGPM6OKPYoJgf0plJ11Q==",
      "dependencies": {
        "capital-case": "^1.0.4",
        "tslib": "^2.0.3"
      }
    },
    "node_modules/html-entities": {
      "version": "2.4.0",
      "resolved": "https://registry.npmjs.org/html-entities/-/html-entities-2.4.0.tgz",
      "integrity": "sha512-igBTJcNNNhvZFRtm8uA6xMY6xYleeDwn3PeBCkDz7tHttv4F2hsDI2aPgNERWzvRcNYHNT3ymRaQzllmXj4YsQ==",
      "funding": [
        {
          "type": "github",
          "url": "https://github.com/sponsors/mdevils"
        },
        {
          "type": "patreon",
          "url": "https://patreon.com/mdevils"
        }
      ]
    },
    "node_modules/import-meta-resolve": {
      "version": "2.2.0",
      "resolved": "https://registry.npmjs.org/import-meta-resolve/-/import-meta-resolve-2.2.0.tgz",
      "integrity": "sha512-CpPOtiCHxP9HdtDM5F45tNiAe66Cqlv3f5uHoJjt+KlaLrUh9/Wz9vepADZ78SlqEo62aDWZtj9ydMGXV+CPnw==",
      "funding": {
        "type": "github",
        "url": "https://github.com/sponsors/wooorm"
      }
    },
    "node_modules/is-buffer": {
      "version": "1.1.6",
      "resolved": "https://registry.npmjs.org/is-buffer/-/is-buffer-1.1.6.tgz",
      "integrity": "sha512-NcdALwpXkTm5Zvvbk7owOUSvVvBKDgKP5/ewfXEznmQFfs4ZRmanOeKBTjRVjka3QFoN6XJ+9F3USqfHqTaU5w=="
    },
    "node_modules/isomorphic-ws": {
      "version": "5.0.0",
      "resolved": "https://registry.npmjs.org/isomorphic-ws/-/isomorphic-ws-5.0.0.tgz",
      "integrity": "sha512-muId7Zzn9ywDsyXgTIafTry2sV3nySZeUDe6YedVd1Hvuuep5AsIlqK+XefWpYTyJG5e503F2xIuT2lcU6rCSw==",
      "peerDependencies": {
        "ws": "*"
      }
    },
    "node_modules/lower-case": {
      "version": "2.0.2",
      "resolved": "https://registry.npmjs.org/lower-case/-/lower-case-2.0.2.tgz",
      "integrity": "sha512-7fm3l3NAF9WfN6W3JOmf5drwpVqX78JtoGJ3A6W0a6ZnldM41w2fV5D490psKFTpMds8TJse/eHLFFsNHHjHgg==",
      "dependencies": {
        "tslib": "^2.0.3"
      }
    },
    "node_modules/masto": {
      "version": "6.3.1",
      "resolved": "https://registry.npmjs.org/masto/-/masto-6.3.1.tgz",
      "integrity": "sha512-Os3MlbGFNL6KHxlKldYY+d/1exO6oBjtF4vx8d6cmXRmeeeW3mKQeunTZz+yY5qWksPg2eVdk+FOhaEnOeclVw==",
      "dependencies": {
        "change-case": "^4.1.2",
        "events-to-async": "^2.0.0",
        "isomorphic-ws": "^5.0.0",
        "ts-custom-error": "^3.3.1",
        "ws": "^8.13.0"
      }
    },
    "node_modules/md5": {
      "version": "2.3.0",
      "resolved": "https://registry.npmjs.org/md5/-/md5-2.3.0.tgz",
      "integrity": "sha512-T1GITYmFaKuO91vxyoQMFETst+O71VUPEU3ze5GNzDm0OWdP8v1ziTaAEPUr/3kLsY3Sftgz242A1SetQiDL7g==",
      "dependencies": {
        "charenc": "0.0.2",
        "crypt": "0.0.2",
        "is-buffer": "~1.1.6"
      }
    },
    "node_modules/nbb": {
      "version": "1.2.178",
      "resolved": "https://registry.npmjs.org/nbb/-/nbb-1.2.178.tgz",
      "integrity": "sha512-2OkEkCT4OIOEZqhiu7VnZm3nQ6GvivgDg6PltIU/yTUb7d/Gfh62nahF6tMEh/vh/38cl92zDj/thh7l/aOpNQ==",
      "dependencies": {
        "import-meta-resolve": "^2.1.0"
      },
      "bin": {
        "nbb": "cli.js",
        "nbbun": "nbbun.js"
      }
    },
    "node_modules/no-case": {
      "version": "3.0.4",
      "resolved": "https://registry.npmjs.org/no-case/-/no-case-3.0.4.tgz",
      "integrity": "sha512-fgAN3jGAh+RoxUGZHTSOLJIqUc2wmoBwGR4tbpNAKmmovFoWq0OdRkb0VkldReO2a2iBT/OEulG9XSUc10r3zg==",
      "dependencies": {
        "lower-case": "^2.0.2",
        "tslib": "^2.0.3"
      }
    },
    "node_modules/node-fetch": {
      "version": "2.6.12",
      "resolved": "https://registry.npmjs.org/node-fetch/-/node-fetch-2.6.12.tgz",
      "integrity": "sha512-C/fGU2E8ToujUivIO0H+tpQ6HWo4eEmchoPIoXtxCrVghxdKq+QOHqEZW7tuP3KlV3bC8FRMO5nMCC7Zm1VP6g==",
      "dependencies": {
        "whatwg-url": "^5.0.0"
      },
      "engines": {
        "node": "4.x || >=6.0.0"
      },
      "peerDependencies": {
        "encoding": "^0.1.0"
      },
      "peerDependenciesMeta": {
        "encoding": {
          "optional": true
        }
      }
    },
    "node_modules/param-case": {
      "version": "3.0.4",
      "resolved": "https://registry.npmjs.org/param-case/-/param-case-3.0.4.tgz",
      "integrity": "sha512-RXlj7zCYokReqWpOPH9oYivUzLYZ5vAPIfEmCTNViosC78F8F0H9y7T7gG2M39ymgutxF5gcFEsyZQSph9Bp3A==",
      "dependencies": {
        "dot-case": "^3.0.4",
        "tslib": "^2.0.3"
      }
    },
    "node_modules/pascal-case": {
      "version": "3.1.2",
      "resolved": "https://registry.npmjs.org/pascal-case/-/pascal-case-3.1.2.tgz",
      "integrity": "sha512-uWlGT3YSnK9x3BQJaOdcZwrnV6hPpd8jFH1/ucpiLRPh/2zCVJKS19E4GvYHvaCcACn3foXZ0cLB9Wrx1KGe5g==",
      "dependencies": {
        "no-case": "^3.0.4",
        "tslib": "^2.0.3"
      }
    },
    "node_modules/path-case": {
      "version": "3.0.4",
      "resolved": "https://registry.npmjs.org/path-case/-/path-case-3.0.4.tgz",
      "integrity": "sha512-qO4qCFjXqVTrcbPt/hQfhTQ+VhFsqNKOPtytgNKkKxSoEp3XPUQ8ObFuePylOIok5gjn69ry8XiULxCwot3Wfg==",
      "dependencies": {
        "dot-case": "^3.0.4",
        "tslib": "^2.0.3"
      }
    },
    "node_modules/redis": {
      "version": "4.6.8",
      "resolved": "https://registry.npmjs.org/redis/-/redis-4.6.8.tgz",
      "integrity": "sha512-S7qNkPUYrsofQ0ztWlTHSaK0Qqfl1y+WMIxrzeAGNG+9iUZB4HGeBgkHxE6uJJ6iXrkvLd1RVJ2nvu6H1sAzfQ==",
      "dependencies": {
        "@redis/bloom": "1.2.0",
        "@redis/client": "1.5.9",
        "@redis/graph": "1.1.0",
        "@redis/json": "1.0.4",
        "@redis/search": "1.1.3",
        "@redis/time-series": "1.0.5"
      }
    },
    "node_modules/sentence-case": {
      "version": "3.0.4",
      "resolved": "https://registry.npmjs.org/sentence-case/-/sentence-case-3.0.4.tgz",
      "integrity": "sha512-8LS0JInaQMCRoQ7YUytAo/xUu5W2XnQxV2HI/6uM6U7CITS1RqPElr30V6uIqyMKM9lJGRVFy5/4CuzcixNYSg==",
      "dependencies": {
        "no-case": "^3.0.4",
        "tslib": "^2.0.3",
        "upper-case-first": "^2.0.2"
      }
    },
    "node_modules/slugify": {
      "version": "1.6.6",
      "resolved": "https://registry.npmjs.org/slugify/-/slugify-1.6.6.tgz",
      "integrity": "sha512-h+z7HKHYXj6wJU+AnS/+IH8Uh9fdcX1Lrhg1/VMdf9PwoBQXFcXiAdsy2tSK0P6gKwJLXp02r90ahUCqHk9rrw==",
      "engines": {
        "node": ">=8.0.0"
      }
    },
    "node_modules/snake-case": {
      "version": "3.0.4",
      "resolved": "https://registry.npmjs.org/snake-case/-/snake-case-3.0.4.tgz",
      "integrity": "sha512-LAOh4z89bGQvl9pFfNF8V146i7o7/CqFPbqzYgP+yYzDIDeS9HaNFtXABamRW+AQzEVODcvE79ljJ+8a9YSdMg==",
      "dependencies": {
        "dot-case": "^3.0.4",
        "tslib": "^2.0.3"
      }
    },
    "node_modules/strnum": {
      "version": "1.0.5",
      "resolved": "https://registry.npmjs.org/strnum/-/strnum-1.0.5.tgz",
      "integrity": "sha512-J8bbNyKKXl5qYcR36TIO8W3mVGVHrmmxsd5PAItGkmyzwJvybiw2IVq5nqd0i4LSNSkB/sx9VHllbfFdr9k1JA=="
    },
    "node_modules/tr46": {
      "version": "0.0.3",
      "resolved": "https://registry.npmjs.org/tr46/-/tr46-0.0.3.tgz",
      "integrity": "sha512-N3WMsuqV66lT30CrXNbEjx4GEwlow3v6rr4mCcv6prnfwhS01rkgyFdjPNBYd9br7LpXV1+Emh01fHnq2Gdgrw=="
    },
    "node_modules/ts-custom-error": {
      "version": "3.3.1",
      "resolved": "https://registry.npmjs.org/ts-custom-error/-/ts-custom-error-3.3.1.tgz",
      "integrity": "sha512-5OX1tzOjxWEgsr/YEUWSuPrQ00deKLh6D7OTWcvNHm12/7QPyRh8SYpyWvA4IZv8H/+GQWQEh/kwo95Q9OVW1A==",
      "engines": {
        "node": ">=14.0.0"
      }
    },
    "node_modules/tslib": {
      "version": "2.4.1",
      "resolved": "https://registry.npmjs.org/tslib/-/tslib-2.4.1.tgz",
      "integrity": "sha512-tGyy4dAjRIEwI7BzsB0lynWgOpfqjUdq91XXAlIWD2OwKBH7oCl/GZG/HT4BOHrTlPMOASlMQ7veyTqpmRcrNA=="
    },
    "node_modules/upper-case": {
      "version": "2.0.2",
      "resolved": "https://registry.npmjs.org/upper-case/-/upper-case-2.0.2.tgz",
      "integrity": "sha512-KgdgDGJt2TpuwBUIjgG6lzw2GWFRCW9Qkfkiv0DxqHHLYJHmtmdUIKcZd8rHgFSjopVTlw6ggzCm1b8MFQwikg==",
      "dependencies": {
        "tslib": "^2.0.3"
      }
    },
    "node_modules/upper-case-first": {
      "version": "2.0.2",
      "resolved": "https://registry.npmjs.org/upper-case-first/-/upper-case-first-2.0.2.tgz",
      "integrity": "sha512-514ppYHBaKwfJRK/pNC6c/OxfGa0obSnAl106u97Ed0I625Nin96KAjttZF6ZL3e1XLtphxnqrOi9iWgm+u+bg==",
      "dependencies": {
        "tslib": "^2.0.3"
      }
    },
    "node_modules/webidl-conversions": {
      "version": "3.0.1",
      "resolved": "https://registry.npmjs.org/webidl-conversions/-/webidl-conversions-3.0.1.tgz",
      "integrity": "sha512-2JAn3z8AR6rjK8Sm8orRC0h/bcl/DqL7tRPdGZ4I1CjdF+EaMLmYxBHyXuKL849eucPFhvBoxMsflfOb8kxaeQ=="
    },
    "node_modules/whatwg-url": {
      "version": "5.0.0",
      "resolved": "https://registry.npmjs.org/whatwg-url/-/whatwg-url-5.0.0.tgz",
      "integrity": "sha512-saE57nupxk6v3HY35+jzBwYa0rKSy0XR8JSxZPwgLr7ys0IBzhGviA1/TUGJLmSVqs8pb9AnvICXEuOHLprYTw==",
      "dependencies": {
        "tr46": "~0.0.3",
        "webidl-conversions": "^3.0.0"
      }
    },
    "node_modules/ws": {
      "version": "8.13.0",
      "resolved": "https://registry.npmjs.org/ws/-/ws-8.13.0.tgz",
      "integrity": "sha512-x9vcZYTrFPC7aSIbj7sRCYo7L/Xb8Iy+pW0ng0wt2vCJv7M9HOMy0UoN3rr+IFC7hb7vXoqS+P9ktyLLLhO+LA==",
      "engines": {
        "node": ">=10.0.0"
      },
      "peerDependencies": {
        "bufferutil": "^4.0.1",
        "utf-8-validate": ">=5.0.2"
      },
      "peerDependenciesMeta": {
        "bufferutil": {
          "optional": true
        },
        "utf-8-validate": {
          "optional": true
        }
      }
    },
    "node_modules/yallist": {
      "version": "4.0.0",
      "resolved": "https://registry.npmjs.org/yallist/-/yallist-4.0.0.tgz",
      "integrity": "sha512-3wdGidZyq5PB084XLES5TpOSRA3wjXAlIWMhum2kRcv/41Sn2emQ0dycQW4uZXLejwKvg6EsvbdlVL+FYEct7A=="
    },
    "node_modules/yaml": {
      "version": "2.3.2",
      "resolved": "https://registry.npmjs.org/yaml/-/yaml-2.3.2.tgz",
      "integrity": "sha512-N/lyzTPaJasoDmfV7YTrYCI0G/3ivm/9wdG0aHuheKowWQwGTsK0Eoiw6utmzAnI6pkJa0DUVygvp3spqqEKXg==",
      "engines": {
        "node": ">= 14"
      }
    }
  },
  "dependencies": {
    "@extractus/feed-extractor": {
      "version": "7.0.6",
      "resolved": "https://registry.npmjs.org/@extractus/feed-extractor/-/feed-extractor-7.0.6.tgz",
      "integrity": "sha512-+BmQ2muMMJAhXYrVl6RaOuCJwFacVEab2ao0vhwvC0E6qXfkTH/4Ng73/hKnYWlkcKNxkkbYY3bW+3kWPdbn6g==",
      "requires": {
        "bellajs": "^11.1.2",
        "cross-fetch": "^4.0.0",
        "fast-xml-parser": "^4.2.7",
        "html-entities": "^2.4.0"
      }
    },
    "@redis/bloom": {
      "version": "1.2.0",
      "resolved": "https://registry.npmjs.org/@redis/bloom/-/bloom-1.2.0.tgz",
      "integrity": "sha512-HG2DFjYKbpNmVXsa0keLHp/3leGJz1mjh09f2RLGGLQZzSHpkmZWuwJbAvo3QcRY8p80m5+ZdXZdYOSBLlp7Cg==",
      "requires": {}
    },
    "@redis/client": {
      "version": "1.5.9",
      "resolved": "https://registry.npmjs.org/@redis/client/-/client-1.5.9.tgz",
      "integrity": "sha512-SffgN+P1zdWJWSXBvJeynvEnmnZrYmtKSRW00xl8pOPFOMJjxRR9u0frSxJpPR6Y4V+k54blJjGW7FgxbTI7bQ==",
      "requires": {
        "cluster-key-slot": "1.1.2",
        "generic-pool": "3.9.0",
        "yallist": "4.0.0"
      }
    },
    "@redis/graph": {
      "version": "1.1.0",
      "resolved": "https://registry.npmjs.org/@redis/graph/-/graph-1.1.0.tgz",
      "integrity": "sha512-16yZWngxyXPd+MJxeSr0dqh2AIOi8j9yXKcKCwVaKDbH3HTuETpDVPcLujhFYVPtYrngSco31BUcSa9TH31Gqg==",
      "requires": {}
    },
    "@redis/json": {
      "version": "1.0.4",
      "resolved": "https://registry.npmjs.org/@redis/json/-/json-1.0.4.tgz",
      "integrity": "sha512-LUZE2Gdrhg0Rx7AN+cZkb1e6HjoSKaeeW8rYnt89Tly13GBI5eP4CwDVr+MY8BAYfCg4/N15OUrtLoona9uSgw==",
      "requires": {}
    },
    "@redis/search": {
      "version": "1.1.3",
      "resolved": "https://registry.npmjs.org/@redis/search/-/search-1.1.3.tgz",
      "integrity": "sha512-4Dg1JjvCevdiCBTZqjhKkGoC5/BcB7k9j99kdMnaXFXg8x4eyOIVg9487CMv7/BUVkFLZCaIh8ead9mU15DNng==",
      "requires": {}
    },
    "@redis/time-series": {
      "version": "1.0.5",
      "resolved": "https://registry.npmjs.org/@redis/time-series/-/time-series-1.0.5.tgz",
      "integrity": "sha512-IFjIgTusQym2B5IZJG3XKr5llka7ey84fw/NOYqESP5WUfQs9zz1ww/9+qoz4ka/S6KcGBodzlCeZ5UImKbscg==",
      "requires": {}
    },
    "bellajs": {
      "version": "11.1.2",
      "resolved": "https://registry.npmjs.org/bellajs/-/bellajs-11.1.2.tgz",
      "integrity": "sha512-2Fy3Km5JKyIy/KunW3oica2gZtkjD2qSqti2Q3xPhHvXXdMbc+32pEMOPG+xrSat0BXVhRjHIx++lzxIPK0GqQ=="
    },
    "camel-case": {
      "version": "4.1.2",
      "resolved": "https://registry.npmjs.org/camel-case/-/camel-case-4.1.2.tgz",
      "integrity": "sha512-gxGWBrTT1JuMx6R+o5PTXMmUnhnVzLQ9SNutD4YqKtI6ap897t3tKECYla6gCWEkplXnlNybEkZg9GEGxKFCgw==",
      "requires": {
        "pascal-case": "^3.1.2",
        "tslib": "^2.0.3"
      }
    },
    "capital-case": {
      "version": "1.0.4",
      "resolved": "https://registry.npmjs.org/capital-case/-/capital-case-1.0.4.tgz",
      "integrity": "sha512-ds37W8CytHgwnhGGTi88pcPyR15qoNkOpYwmMMfnWqqWgESapLqvDx6huFjQ5vqWSn2Z06173XNA7LtMOeUh1A==",
      "requires": {
        "no-case": "^3.0.4",
        "tslib": "^2.0.3",
        "upper-case-first": "^2.0.2"
      }
    },
    "change-case": {
      "version": "4.1.2",
      "resolved": "https://registry.npmjs.org/change-case/-/change-case-4.1.2.tgz",
      "integrity": "sha512-bSxY2ws9OtviILG1EiY5K7NNxkqg/JnRnFxLtKQ96JaviiIxi7djMrSd0ECT9AC+lttClmYwKw53BWpOMblo7A==",
      "requires": {
        "camel-case": "^4.1.2",
        "capital-case": "^1.0.4",
        "constant-case": "^3.0.4",
        "dot-case": "^3.0.4",
        "header-case": "^2.0.4",
        "no-case": "^3.0.4",
        "param-case": "^3.0.4",
        "pascal-case": "^3.1.2",
        "path-case": "^3.0.4",
        "sentence-case": "^3.0.4",
        "snake-case": "^3.0.4",
        "tslib": "^2.0.3"
      }
    },
    "charenc": {
      "version": "0.0.2",
      "resolved": "https://registry.npmjs.org/charenc/-/charenc-0.0.2.tgz",
      "integrity": "sha512-yrLQ/yVUFXkzg7EDQsPieE/53+0RlaWTs+wBrvW36cyilJ2SaDWfl4Yj7MtLTXleV9uEKefbAGUPv2/iWSooRA=="
    },
    "cluster-key-slot": {
      "version": "1.1.2",
      "resolved": "https://registry.npmjs.org/cluster-key-slot/-/cluster-key-slot-1.1.2.tgz",
      "integrity": "sha512-RMr0FhtfXemyinomL4hrWcYJxmX6deFdCxpJzhDttxgO1+bcCnkk+9drydLVDmAMG7NE6aN/fl4F7ucU/90gAA=="
    },
    "constant-case": {
      "version": "3.0.4",
      "resolved": "https://registry.npmjs.org/constant-case/-/constant-case-3.0.4.tgz",
      "integrity": "sha512-I2hSBi7Vvs7BEuJDr5dDHfzb/Ruj3FyvFyh7KLilAjNQw3Be+xgqUBA2W6scVEcL0hL1dwPRtIqEPVUCKkSsyQ==",
      "requires": {
        "no-case": "^3.0.4",
        "tslib": "^2.0.3",
        "upper-case": "^2.0.2"
      }
    },
    "cross-fetch": {
      "version": "4.0.0",
      "resolved": "https://registry.npmjs.org/cross-fetch/-/cross-fetch-4.0.0.tgz",
      "integrity": "sha512-e4a5N8lVvuLgAWgnCrLr2PP0YyDOTHa9H/Rj54dirp61qXnNq46m82bRhNqIA5VccJtWBvPTFRV3TtvHUKPB1g==",
      "requires": {
        "node-fetch": "^2.6.12"
      }
    },
    "crypt": {
      "version": "0.0.2",
      "resolved": "https://registry.npmjs.org/crypt/-/crypt-0.0.2.tgz",
      "integrity": "sha512-mCxBlsHFYh9C+HVpiEacem8FEBnMXgU9gy4zmNC+SXAZNB/1idgp/aulFJ4FgCi7GPEVbfyng092GqL2k2rmow=="
    },
    "dot-case": {
      "version": "3.0.4",
      "resolved": "https://registry.npmjs.org/dot-case/-/dot-case-3.0.4.tgz",
      "integrity": "sha512-Kv5nKlh6yRrdrGvxeJ2e5y2eRUpkUosIW4A2AS38zwSz27zu7ufDwQPi5Jhs3XAlGNetl3bmnGhQsMtkKJnj3w==",
      "requires": {
        "no-case": "^3.0.4",
        "tslib": "^2.0.3"
      }
    },
    "events-to-async": {
      "version": "2.0.0",
      "resolved": "https://registry.npmjs.org/events-to-async/-/events-to-async-2.0.0.tgz",
      "integrity": "sha512-NiZEr4g51nI4/lz/6NdwMqK/TLIctlnp9TQ3wCJjlRp47VgrthUZE4nrk2UhfZ8VzoQ/Xyth+G6MKioLCt0FVA=="
    },
    "fast-xml-parser": {
      "version": "4.3.1",
      "resolved": "https://registry.npmjs.org/fast-xml-parser/-/fast-xml-parser-4.3.1.tgz",
      "integrity": "sha512-viVv3xb8D+SiS1W4cv4tva3bni08kAkx0gQnWrykMM8nXPc1FxqZPU00dCEVjkiCg4HoXd2jC4x29Nzg/l2DAA==",
      "requires": {
        "strnum": "^1.0.5"
      }
    },
    "generic-pool": {
      "version": "3.9.0",
      "resolved": "https://registry.npmjs.org/generic-pool/-/generic-pool-3.9.0.tgz",
      "integrity": "sha512-hymDOu5B53XvN4QT9dBmZxPX4CWhBPPLguTZ9MMFeFa/Kg0xWVfylOVNlJji/E7yTZWFd/q9GO5TxDLq156D7g=="
    },
    "header-case": {
      "version": "2.0.4",
      "resolved": "https://registry.npmjs.org/header-case/-/header-case-2.0.4.tgz",
      "integrity": "sha512-H/vuk5TEEVZwrR0lp2zed9OCo1uAILMlx0JEMgC26rzyJJ3N1v6XkwHHXJQdR2doSjcGPM6OKPYoJgf0plJ11Q==",
      "requires": {
        "capital-case": "^1.0.4",
        "tslib": "^2.0.3"
      }
    },
    "html-entities": {
      "version": "2.4.0",
      "resolved": "https://registry.npmjs.org/html-entities/-/html-entities-2.4.0.tgz",
      "integrity": "sha512-igBTJcNNNhvZFRtm8uA6xMY6xYleeDwn3PeBCkDz7tHttv4F2hsDI2aPgNERWzvRcNYHNT3ymRaQzllmXj4YsQ=="
    },
    "import-meta-resolve": {
      "version": "2.2.0",
      "resolved": "https://registry.npmjs.org/import-meta-resolve/-/import-meta-resolve-2.2.0.tgz",
      "integrity": "sha512-CpPOtiCHxP9HdtDM5F45tNiAe66Cqlv3f5uHoJjt+KlaLrUh9/Wz9vepADZ78SlqEo62aDWZtj9ydMGXV+CPnw=="
    },
    "is-buffer": {
      "version": "1.1.6",
      "resolved": "https://registry.npmjs.org/is-buffer/-/is-buffer-1.1.6.tgz",
      "integrity": "sha512-NcdALwpXkTm5Zvvbk7owOUSvVvBKDgKP5/ewfXEznmQFfs4ZRmanOeKBTjRVjka3QFoN6XJ+9F3USqfHqTaU5w=="
    },
    "isomorphic-ws": {
      "version": "5.0.0",
      "resolved": "https://registry.npmjs.org/isomorphic-ws/-/isomorphic-ws-5.0.0.tgz",
      "integrity": "sha512-muId7Zzn9ywDsyXgTIafTry2sV3nySZeUDe6YedVd1Hvuuep5AsIlqK+XefWpYTyJG5e503F2xIuT2lcU6rCSw==",
      "requires": {}
    },
    "lower-case": {
      "version": "2.0.2",
      "resolved": "https://registry.npmjs.org/lower-case/-/lower-case-2.0.2.tgz",
      "integrity": "sha512-7fm3l3NAF9WfN6W3JOmf5drwpVqX78JtoGJ3A6W0a6ZnldM41w2fV5D490psKFTpMds8TJse/eHLFFsNHHjHgg==",
      "requires": {
        "tslib": "^2.0.3"
      }
    },
    "masto": {
      "version": "6.3.1",
      "resolved": "https://registry.npmjs.org/masto/-/masto-6.3.1.tgz",
      "integrity": "sha512-Os3MlbGFNL6KHxlKldYY+d/1exO6oBjtF4vx8d6cmXRmeeeW3mKQeunTZz+yY5qWksPg2eVdk+FOhaEnOeclVw==",
      "requires": {
        "change-case": "^4.1.2",
        "events-to-async": "^2.0.0",
        "isomorphic-ws": "^5.0.0",
        "ts-custom-error": "^3.3.1",
        "ws": "^8.13.0"
      }
    },
    "md5": {
      "version": "2.3.0",
      "resolved": "https://registry.npmjs.org/md5/-/md5-2.3.0.tgz",
      "integrity": "sha512-T1GITYmFaKuO91vxyoQMFETst+O71VUPEU3ze5GNzDm0OWdP8v1ziTaAEPUr/3kLsY3Sftgz242A1SetQiDL7g==",
      "requires": {
        "charenc": "0.0.2",
        "crypt": "0.0.2",
        "is-buffer": "~1.1.6"
      }
    },
    "nbb": {
      "version": "1.2.178",
      "resolved": "https://registry.npmjs.org/nbb/-/nbb-1.2.178.tgz",
      "integrity": "sha512-2OkEkCT4OIOEZqhiu7VnZm3nQ6GvivgDg6PltIU/yTUb7d/Gfh62nahF6tMEh/vh/38cl92zDj/thh7l/aOpNQ==",
      "requires": {
        "import-meta-resolve": "^2.1.0"
      }
    },
    "no-case": {
      "version": "3.0.4",
      "resolved": "https://registry.npmjs.org/no-case/-/no-case-3.0.4.tgz",
      "integrity": "sha512-fgAN3jGAh+RoxUGZHTSOLJIqUc2wmoBwGR4tbpNAKmmovFoWq0OdRkb0VkldReO2a2iBT/OEulG9XSUc10r3zg==",
      "requires": {
        "lower-case": "^2.0.2",
        "tslib": "^2.0.3"
      }
    },
    "node-fetch": {
      "version": "2.6.12",
      "resolved": "https://registry.npmjs.org/node-fetch/-/node-fetch-2.6.12.tgz",
      "integrity": "sha512-C/fGU2E8ToujUivIO0H+tpQ6HWo4eEmchoPIoXtxCrVghxdKq+QOHqEZW7tuP3KlV3bC8FRMO5nMCC7Zm1VP6g==",
      "requires": {
        "whatwg-url": "^5.0.0"
      }
    },
    "param-case": {
      "version": "3.0.4",
      "resolved": "https://registry.npmjs.org/param-case/-/param-case-3.0.4.tgz",
      "integrity": "sha512-RXlj7zCYokReqWpOPH9oYivUzLYZ5vAPIfEmCTNViosC78F8F0H9y7T7gG2M39ymgutxF5gcFEsyZQSph9Bp3A==",
      "requires": {
        "dot-case": "^3.0.4",
        "tslib": "^2.0.3"
      }
    },
    "pascal-case": {
      "version": "3.1.2",
      "resolved": "https://registry.npmjs.org/pascal-case/-/pascal-case-3.1.2.tgz",
      "integrity": "sha512-uWlGT3YSnK9x3BQJaOdcZwrnV6hPpd8jFH1/ucpiLRPh/2zCVJKS19E4GvYHvaCcACn3foXZ0cLB9Wrx1KGe5g==",
      "requires": {
        "no-case": "^3.0.4",
        "tslib": "^2.0.3"
      }
    },
    "path-case": {
      "version": "3.0.4",
      "resolved": "https://registry.npmjs.org/path-case/-/path-case-3.0.4.tgz",
      "integrity": "sha512-qO4qCFjXqVTrcbPt/hQfhTQ+VhFsqNKOPtytgNKkKxSoEp3XPUQ8ObFuePylOIok5gjn69ry8XiULxCwot3Wfg==",
      "requires": {
        "dot-case": "^3.0.4",
        "tslib": "^2.0.3"
      }
    },
    "redis": {
      "version": "4.6.8",
      "resolved": "https://registry.npmjs.org/redis/-/redis-4.6.8.tgz",
      "integrity": "sha512-S7qNkPUYrsofQ0ztWlTHSaK0Qqfl1y+WMIxrzeAGNG+9iUZB4HGeBgkHxE6uJJ6iXrkvLd1RVJ2nvu6H1sAzfQ==",
      "requires": {
        "@redis/bloom": "1.2.0",
        "@redis/client": "1.5.9",
        "@redis/graph": "1.1.0",
        "@redis/json": "1.0.4",
        "@redis/search": "1.1.3",
        "@redis/time-series": "1.0.5"
      }
    },
    "sentence-case": {
      "version": "3.0.4",
      "resolved": "https://registry.npmjs.org/sentence-case/-/sentence-case-3.0.4.tgz",
      "integrity": "sha512-8LS0JInaQMCRoQ7YUytAo/xUu5W2XnQxV2HI/6uM6U7CITS1RqPElr30V6uIqyMKM9lJGRVFy5/4CuzcixNYSg==",
      "requires": {
        "no-case": "^3.0.4",
        "tslib": "^2.0.3",
        "upper-case-first": "^2.0.2"
      }
    },
    "slugify": {
      "version": "1.6.6",
      "resolved": "https://registry.npmjs.org/slugify/-/slugify-1.6.6.tgz",
      "integrity": "sha512-h+z7HKHYXj6wJU+AnS/+IH8Uh9fdcX1Lrhg1/VMdf9PwoBQXFcXiAdsy2tSK0P6gKwJLXp02r90ahUCqHk9rrw=="
    },
    "snake-case": {
      "version": "3.0.4",
      "resolved": "https://registry.npmjs.org/snake-case/-/snake-case-3.0.4.tgz",
      "integrity": "sha512-LAOh4z89bGQvl9pFfNF8V146i7o7/CqFPbqzYgP+yYzDIDeS9HaNFtXABamRW+AQzEVODcvE79ljJ+8a9YSdMg==",
      "requires": {
        "dot-case": "^3.0.4",
        "tslib": "^2.0.3"
      }
    },
    "strnum": {
      "version": "1.0.5",
      "resolved": "https://registry.npmjs.org/strnum/-/strnum-1.0.5.tgz",
      "integrity": "sha512-J8bbNyKKXl5qYcR36TIO8W3mVGVHrmmxsd5PAItGkmyzwJvybiw2IVq5nqd0i4LSNSkB/sx9VHllbfFdr9k1JA=="
    },
    "tr46": {
      "version": "0.0.3",
      "resolved": "https://registry.npmjs.org/tr46/-/tr46-0.0.3.tgz",
      "integrity": "sha512-N3WMsuqV66lT30CrXNbEjx4GEwlow3v6rr4mCcv6prnfwhS01rkgyFdjPNBYd9br7LpXV1+Emh01fHnq2Gdgrw=="
    },
    "ts-custom-error": {
      "version": "3.3.1",
      "resolved": "https://registry.npmjs.org/ts-custom-error/-/ts-custom-error-3.3.1.tgz",
      "integrity": "sha512-5OX1tzOjxWEgsr/YEUWSuPrQ00deKLh6D7OTWcvNHm12/7QPyRh8SYpyWvA4IZv8H/+GQWQEh/kwo95Q9OVW1A=="
    },
    "tslib": {
      "version": "2.4.1",
      "resolved": "https://registry.npmjs.org/tslib/-/tslib-2.4.1.tgz",
      "integrity": "sha512-tGyy4dAjRIEwI7BzsB0lynWgOpfqjUdq91XXAlIWD2OwKBH7oCl/GZG/HT4BOHrTlPMOASlMQ7veyTqpmRcrNA=="
    },
    "upper-case": {
      "version": "2.0.2",
      "resolved": "https://registry.npmjs.org/upper-case/-/upper-case-2.0.2.tgz",
      "integrity": "sha512-KgdgDGJt2TpuwBUIjgG6lzw2GWFRCW9Qkfkiv0DxqHHLYJHmtmdUIKcZd8rHgFSjopVTlw6ggzCm1b8MFQwikg==",
      "requires": {
        "tslib": "^2.0.3"
      }
    },
    "upper-case-first": {
      "version": "2.0.2",
      "resolved": "https://registry.npmjs.org/upper-case-first/-/upper-case-first-2.0.2.tgz",
      "integrity": "sha512-514ppYHBaKwfJRK/pNC6c/OxfGa0obSnAl106u97Ed0I625Nin96KAjttZF6ZL3e1XLtphxnqrOi9iWgm+u+bg==",
      "requires": {
        "tslib": "^2.0.3"
      }
    },
    "webidl-conversions": {
      "version": "3.0.1",
      "resolved": "https://registry.npmjs.org/webidl-conversions/-/webidl-conversions-3.0.1.tgz",
      "integrity": "sha512-2JAn3z8AR6rjK8Sm8orRC0h/bcl/DqL7tRPdGZ4I1CjdF+EaMLmYxBHyXuKL849eucPFhvBoxMsflfOb8kxaeQ=="
    },
    "whatwg-url": {
      "version": "5.0.0",
      "resolved": "https://registry.npmjs.org/whatwg-url/-/whatwg-url-5.0.0.tgz",
      "integrity": "sha512-saE57nupxk6v3HY35+jzBwYa0rKSy0XR8JSxZPwgLr7ys0IBzhGviA1/TUGJLmSVqs8pb9AnvICXEuOHLprYTw==",
      "requires": {
        "tr46": "~0.0.3",
        "webidl-conversions": "^3.0.0"
      }
    },
    "ws": {
      "version": "8.13.0",
      "resolved": "https://registry.npmjs.org/ws/-/ws-8.13.0.tgz",
      "integrity": "sha512-x9vcZYTrFPC7aSIbj7sRCYo7L/Xb8Iy+pW0ng0wt2vCJv7M9HOMy0UoN3rr+IFC7hb7vXoqS+P9ktyLLLhO+LA==",
      "requires": {}
    },
    "yallist": {
      "version": "4.0.0",
      "resolved": "https://registry.npmjs.org/yallist/-/yallist-4.0.0.tgz",
      "integrity": "sha512-3wdGidZyq5PB084XLES5TpOSRA3wjXAlIWMhum2kRcv/41Sn2emQ0dycQW4uZXLejwKvg6EsvbdlVL+FYEct7A=="
    },
    "yaml": {
      "version": "2.3.2",
      "resolved": "https://registry.npmjs.org/yaml/-/yaml-2.3.2.tgz",
      "integrity": "sha512-N/lyzTPaJasoDmfV7YTrYCI0G/3ivm/9wdG0aHuheKowWQwGTsK0Eoiw6utmzAnI6pkJa0DUVygvp3spqqEKXg=="
    }
  }
}
